
Microsoft Visual Studio Solution File, Format Version 12.00
# Visual Studio 15
VisualStudioVersion = 15.0.27130.2010
MinimumVisualStudioVersion = 10.0.40219.1
Project("{FAE04EC0-301F-11D3-BF4B-00C04F79EFBC}") = "Serialization", "Serialization\Serialization.csproj", "{DC563D4E-85C4-4A32-9EAE-29305B3CB28E}"
EndProject
Global
	GlobalSection(SolutionConfigurationPlatforms) = preSolution
		Debug|Any CPU = Debug|Any CPU
		Release|Any CPU = Release|Any CPU
	EndGlobalSection
	GlobalSection(ProjectConfigurationPlatforms) = postSolution
		{DC563D4E-85C4-4A32-9EAE-29305B3CB28E}.Debug|Any CPU.ActiveCfg = Debug|Any CPU
		{DC563D4E-85C4-4A32-9EAE-29305B3CB28E}.Debug|Any CPU.Build.0 = Debug|Any CPU
		{DC563D4E-85C4-4A32-9EAE-29305B3CB28E}.Release|Any CPU.ActiveCfg = Release|Any CPU
		{DC563D4E-85C4-4A32-9EAE-29305B3CB28E}.Release|Any CPU.Build.0 = Release|Any CPU
	EndGlobalSection
	GlobalSection(SolutionProperties) = preSolution
		HideSolutionNode = FALSE
	EndGlobalSection
	GlobalSection(ExtensibilityGlobals) = postSolution
		SolutionGuid = {F3C2201F-F711-4B72-A4E5-923199473574}
	EndGlobalSection
EndGlobal
